# generated by rye
# use `rye lock` or `rye sync` to update this lockfile
#
# last locked with the following flags:
#   pre: false
#   features: []
#   all-features: false
#   with-sources: false
#   generate-hashes: false

-e file:.
altgraph==0.17.4
    # via pyinstaller
importlib-metadata==8.5.0
    # via pyinstaller
    # via pyinstaller-hooks-contrib
mss==9.0.2
    # via luping
numpy==2.0.2
    # via luping
    # via opencv-contrib-python
opencv-contrib-python==4.12.0.88
    # via luping
packaging==25.0
    # via pyinstaller
    # via pyinstaller-hooks-contrib
pefile==2023.2.7
    # via pyinstaller
pyinstaller==6.16.0
    # via luping
pyinstaller-hooks-contrib==2025.9
    # via pyinstaller
pynput==1.8.1
    # via luping
pywin32-ctypes==0.2.3
    # via pyinstaller
setuptools==75.3.2
    # via pyinstaller
    # via pyinstaller-hooks-contrib
six==1.17.0
    # via pynput
zipp==3.20.2
    # via importlib-metadata
